
Microsoft Visual Studio Solution File, Format Version 12.00
# Visual Studio Version 17
VisualStudioVersion = 17.7.34031.279
MinimumVisualStudioVersion = 10.0.40219.1
Project("{FAE04EC0-301F-11D3-BF4B-00C04F79EFBC}") = "DemoVariables3", "DemoVariables3\DemoVariables3.csproj", "{57761348-7F1F-47B5-84FD-D50D75A156B2}"
EndProject
Global
	GlobalSection(SolutionConfigurationPlatforms) = preSolution
		Debug|Any CPU = Debug|Any CPU
		Release|Any CPU = Release|Any CPU
	EndGlobalSection
	GlobalSection(ProjectConfigurationPlatforms) = postSolution
		{57761348-7F1F-47B5-84FD-D50D75A156B2}.Debug|Any CPU.ActiveCfg = Debug|Any CPU
		{57761348-7F1F-47B5-84FD-D50D75A156B2}.Debug|Any CPU.Build.0 = Debug|Any CPU
		{57761348-7F1F-47B5-84FD-D50D75A156B2}.Release|Any CPU.ActiveCfg = Release|Any CPU
		{57761348-7F1F-47B5-84FD-D50D75A156B2}.Release|Any CPU.Build.0 = Release|Any CPU
	EndGlobalSection
	GlobalSection(SolutionProperties) = preSolution
		HideSolutionNode = FALSE
	EndGlobalSection
	GlobalSection(ExtensibilityGlobals) = postSolution
		SolutionGuid = {90B19143-1525-40E5-B405-20D17F171EA5}
	EndGlobalSection
EndGlobal
