
Microsoft Visual Studio Solution File, Format Version 12.00
# Visual Studio Version 17
VisualStudioVersion = 17.7.34031.279
MinimumVisualStudioVersion = 10.0.40219.1
Project("{FAE04EC0-301F-11D3-BF4B-00C04F79EFBC}") = "DemoEspaceSequences", "DemoEspaceSequences\DemoEspaceSequences.csproj", "{E144EA8A-3A33-4FF0-9A83-8B938ED79B6B}"
EndProject
Global
	GlobalSection(SolutionConfigurationPlatforms) = preSolution
		Debug|Any CPU = Debug|Any CPU
		Release|Any CPU = Release|Any CPU
	EndGlobalSection
	GlobalSection(ProjectConfigurationPlatforms) = postSolution
		{E144EA8A-3A33-4FF0-9A83-8B938ED79B6B}.Debug|Any CPU.ActiveCfg = Debug|Any CPU
		{E144EA8A-3A33-4FF0-9A83-8B938ED79B6B}.Debug|Any CPU.Build.0 = Debug|Any CPU
		{E144EA8A-3A33-4FF0-9A83-8B938ED79B6B}.Release|Any CPU.ActiveCfg = Release|Any CPU
		{E144EA8A-3A33-4FF0-9A83-8B938ED79B6B}.Release|Any CPU.Build.0 = Release|Any CPU
	EndGlobalSection
	GlobalSection(SolutionProperties) = preSolution
		HideSolutionNode = FALSE
	EndGlobalSection
	GlobalSection(ExtensibilityGlobals) = postSolution
		SolutionGuid = {171A9E98-56D4-4997-8E16-0EC554AA6DC8}
	EndGlobalSection
EndGlobal
